// !$*UTF8*$!
{
	archiveVersion = 1;
	classes = {
	};
	objectVersion = 77;
	objects = {

/* Begin PBXBuildFile section */
		05EB5265DDC29544AE284F5F /* AppModel.swift in Sources */ = {isa = PBXBuildFile; fileRef = 87AFC4841B195237940D7714 /* AppModel.swift */; };
		099B46A1E5C7BBF37D438462 /* AnalyticsDashboardView.swift in Sources */ = {isa = PBXBuildFile; fileRef = 9B3987DE0D6DC39ADEB9C817 /* AnalyticsDashboardView.swift */; };
		15E6FFA3F95AB3FD2834B62E /* iShrinkApp.swift in Sources */ = {isa = PBXBuildFile; fileRef = 70EFF3BF1D35835DBB4E7050 /* iShrinkApp.swift */; };
		2928B8B0F25D47480C125E2F /* ScanView.swift in Sources */ = {isa = PBXBuildFile; fileRef = 6F2573BF9AC4477449115567 /* ScanView.swift */; };
		5BDFECCE5CBD34A65C4B42F6 /* ConfirmationView.swift in Sources */ = {isa = PBXBuildFile; fileRef = E86B9FC798F6E146AA8E3BC9 /* ConfirmationView.swift */; };
		618F0FEC6D30A4A702E41CF2 /* CompressionRunView.swift in Sources */ = {isa = PBXBuildFile; fileRef = 5E479A35DFA4816015B1CC44 /* CompressionRunView.swift */; };
		6C671BF7428B340FAA44E834 /* iShrinkCore in Frameworks */ = {isa = PBXBuildFile; productRef = 5FBA687B47568AA8507B9583 /* iShrinkCore */; };
		92131249669B85A17FD27D32 /* SelectionView.swift in Sources */ = {isa = PBXBuildFile; fileRef = 3309F6191378613FA9AA4BF7 /* SelectionView.swift */; };
		E18D76A17F94C18735EB5AEE /* PermissionGateView.swift in Sources */ = {isa = PBXBuildFile; fileRef = 5E822D0353436F32BD5004A0 /* PermissionGateView.swift */; };
		F0D9A3A6776DFA42E09C917A /* ReportView.swift in Sources */ = {isa = PBXBuildFile; fileRef = FCDE98F9C22D5D6E44EBD9FB /* ReportView.swift */; };
/* End PBXBuildFile section */

/* Begin PBXFileReference section */
		3309F6191378613FA9AA4BF7 /* SelectionView.swift */ = {isa = PBXFileReference; lastKnownFileType = sourcecode.swift; path = SelectionView.swift; sourceTree = "<group>"; };
		3EB0B32959951133826902FA /* Core */ = {isa = PBXFileReference; lastKnownFileType = folder; name = Core; path = Core; sourceTree = SOURCE_ROOT; };
		5E479A35DFA4816015B1CC44 /* CompressionRunView.swift */ = {isa = PBXFileReference; lastKnownFileType = sourcecode.swift; path = CompressionRunView.swift; sourceTree = "<group>"; };
		5E822D0353436F32BD5004A0 /* PermissionGateView.swift */ = {isa = PBXFileReference; lastKnownFileType = sourcecode.swift; path = PermissionGateView.swift; sourceTree = "<group>"; };
		6F2573BF9AC4477449115567 /* ScanView.swift */ = {isa = PBXFileReference; lastKnownFileType = sourcecode.swift; path = ScanView.swift; sourceTree = "<group>"; };
		70EFF3BF1D35835DBB4E7050 /* iShrinkApp.swift */ = {isa = PBXFileReference; lastKnownFileType = sourcecode.swift; path = iShrinkApp.swift; sourceTree = "<group>"; };
		75E44F15022013094BACE099 /* iShrink.app */ = {isa = PBXFileReference; explicitFileType = wrapper.application; includeInIndex = 0; path = iShrink.app; sourceTree = BUILT_PRODUCTS_DIR; };
		87AFC4841B195237940D7714 /* AppModel.swift */ = {isa = PBXFileReference; lastKnownFileType = sourcecode.swift; path = AppModel.swift; sourceTree = "<group>"; };
		9B3987DE0D6DC39ADEB9C817 /* AnalyticsDashboardView.swift */ = {isa = PBXFileReference; lastKnownFileType = sourcecode.swift; path = AnalyticsDashboardView.swift; sourceTree = "<group>"; };
		E86B9FC798F6E146AA8E3BC9 /* ConfirmationView.swift */ = {isa = PBXFileReference; lastKnownFileType = sourcecode.swift; path = ConfirmationView.swift; sourceTree = "<group>"; };
		FCDE98F9C22D5D6E44EBD9FB /* ReportView.swift */ = {isa = PBXFileReference; lastKnownFileType = sourcecode.swift; path = ReportView.swift; sourceTree = "<group>"; };
/* End PBXFileReference section */

/* Begin PBXFrameworksBuildPhase section */
		57C9161FBE9EBA9DDB5A46D7 /* Frameworks */ = {
			isa = PBXFrameworksBuildPhase;
			buildActionMask = 2147483647;
			files = (
				6C671BF7428B340FAA44E834 /* iShrinkCore in Frameworks */,
			);
			runOnlyForDeploymentPostprocessing = 0;
		};
/* End PBXFrameworksBuildPhase section */

/* Begin PBXGroup section */
		1A94E6C99774633D89A87437 /* Views */ = {
			isa = PBXGroup;
			children = (
				9B3987DE0D6DC39ADEB9C817 /* AnalyticsDashboardView.swift */,
				5E479A35DFA4816015B1CC44 /* CompressionRunView.swift */,
				E86B9FC798F6E146AA8E3BC9 /* ConfirmationView.swift */,
				5E822D0353436F32BD5004A0 /* PermissionGateView.swift */,
				FCDE98F9C22D5D6E44EBD9FB /* ReportView.swift */,
				6F2573BF9AC4477449115567 /* ScanView.swift */,
				3309F6191378613FA9AA4BF7 /* SelectionView.swift */,
			);
			path = Views;
			sourceTree = "<group>";
		};
		3C0A5B079032732D3C93FB23 /* ViewModels */ = {
			isa = PBXGroup;
			children = (
				87AFC4841B195237940D7714 /* AppModel.swift */,
			);
			path = ViewModels;
			sourceTree = "<group>";
		};
		96584E11D842499185895EF5 /* Products */ = {
			isa = PBXGroup;
			children = (
				75E44F15022013094BACE099 /* iShrink.app */,
			);
			name = Products;
			sourceTree = "<group>";
		};
		96AB6402D583E3B46E1D79BE /* Packages */ = {
			isa = PBXGroup;
			children = (
				3EB0B32959951133826902FA /* Core */,
			);
			name = Packages;
			sourceTree = "<group>";
		};
		B641558AC439AC16A24507AE = {
			isa = PBXGroup;
			children = (
				EB92AF6DDA7324B7DB90F6F5 /* App */,
				96AB6402D583E3B46E1D79BE /* Packages */,
				96584E11D842499185895EF5 /* Products */,
			);
			sourceTree = "<group>";
		};
		EB92AF6DDA7324B7DB90F6F5 /* App */ = {
			isa = PBXGroup;
			children = (
				70EFF3BF1D35835DBB4E7050 /* iShrinkApp.swift */,
				3C0A5B079032732D3C93FB23 /* ViewModels */,
				1A94E6C99774633D89A87437 /* Views */,
			);
			path = App;
			sourceTree = "<group>";
		};
/* End PBXGroup section */

/* Begin PBXNativeTarget section */
		70E60ADB9A4AEF97C1429821 /* iShrink */ = {
			isa = PBXNativeTarget;
			buildConfigurationList = B9C0DB8D4483F0D0293078D4 /* Build configuration list for PBXNativeTarget "iShrink" */;
			buildPhases = (
				930282D9875B01950CEEEC8C /* Enforce Photos read-only invariant */,
				8C575ECC7196F27EFD2294F0 /* Sources */,
				57C9161FBE9EBA9DDB5A46D7 /* Frameworks */,
			);
			buildRules = (
			);
			dependencies = (
			);
			name = iShrink;
			packageProductDependencies = (
				5FBA687B47568AA8507B9583 /* iShrinkCore */,
			);
			productName = iShrink;
			productReference = 75E44F15022013094BACE099 /* iShrink.app */;
			productType = "com.apple.product-type.application";
		};
/* End PBXNativeTarget section */

/* Begin PBXProject section */
		3E6FE70938FD6B8DE58012D6 /* Project object */ = {
			isa = PBXProject;
			attributes = {
				BuildIndependentTargetsInParallel = YES;
				LastUpgradeCheck = 1430;
				TargetAttributes = {
					70E60ADB9A4AEF97C1429821 = {
						ProvisioningStyle = Automatic;
					};
				};
			};
			buildConfigurationList = 161A080529CFBEAA73E88281 /* Build configuration list for PBXProject "iShrink" */;
			developmentRegion = en;
			hasScannedForEncodings = 0;
			knownRegions = (
				Base,
				en,
			);
			mainGroup = B641558AC439AC16A24507AE;
			minimizedProjectReferenceProxies = 1;
			packageReferences = (
				826D7C3DE6669A6C8E414EBD /* XCLocalSwiftPackageReference "Core" */,
			);
			preferredProjectObjectVersion = 77;
			productRefGroup = 96584E11D842499185895EF5 /* Products */;
			projectDirPath = "";
			projectRoot = "";
			targets = (
				70E60ADB9A4AEF97C1429821 /* iShrink */,
			);
		};
/* End PBXProject section */

/* Begin PBXShellScriptBuildPhase section */
		930282D9875B01950CEEEC8C /* Enforce Photos read-only invariant */ = {
			isa = PBXShellScriptBuildPhase;
			alwaysOutOfDate = 1;
			buildActionMask = 2147483647;
			files = (
			);
			inputFileListPaths = (
			);
			inputPaths = (
			);
			name = "Enforce Photos read-only invariant";
			outputFileListPaths = (
			);
			outputPaths = (
			);
			runOnlyForDeploymentPostprocessing = 0;
			shellPath = /bin/sh;
			shellScript = "\"${SRCROOT}/scripts/check-readonly.sh\"";
		};
/* End PBXShellScriptBuildPhase section */

/* Begin PBXSourcesBuildPhase section */
		8C575ECC7196F27EFD2294F0 /* Sources */ = {
			isa = PBXSourcesBuildPhase;
			buildActionMask = 2147483647;
			files = (
				099B46A1E5C7BBF37D438462 /* AnalyticsDashboardView.swift in Sources */,
				05EB5265DDC29544AE284F5F /* AppModel.swift in Sources */,
				618F0FEC6D30A4A702E41CF2 /* CompressionRunView.swift in Sources */,
				5BDFECCE5CBD34A65C4B42F6 /* ConfirmationView.swift in Sources */,
				E18D76A17F94C18735EB5AEE /* PermissionGateView.swift in Sources */,
				F0D9A3A6776DFA42E09C917A /* ReportView.swift in Sources */,
				2928B8B0F25D47480C125E2F /* ScanView.swift in Sources */,
				92131249669B85A17FD27D32 /* SelectionView.swift in Sources */,
				15E6FFA3F95AB3FD2834B62E /* iShrinkApp.swift in Sources */,
			);
			runOnlyForDeploymentPostprocessing = 0;
		};
/* End PBXSourcesBuildPhase section */

/* Begin XCBuildConfiguration section */
		05998C0A08ABDEF670587F88 /* Release */ = {
			isa = XCBuildConfiguration;
			buildSettings = {
				ASSETCATALOG_COMPILER_APPICON_NAME = AppIcon;
				CODE_SIGN_ENTITLEMENTS = App/iShrink.entitlements;
				CODE_SIGN_STYLE = Automatic;
				COMBINE_HIDPI_IMAGES = YES;
				CURRENT_PROJECT_VERSION = 1;
				ENABLE_HARDENED_RUNTIME = YES;
				GENERATE_INFOPLIST_FILE = NO;
				INFOPLIST_FILE = App/Info.plist;
				LD_RUNPATH_SEARCH_PATHS = (
					"$(inherited)",
					"@executable_path/../Frameworks",
				);
				MACOSX_DEPLOYMENT_TARGET = 12.0;
				MARKETING_VERSION = 1.0.0;
				PRODUCT_BUNDLE_IDENTIFIER = com.ishrink.app;
				PRODUCT_NAME = iShrink;
				SDKROOT = macosx;
				SWIFT_VERSION = 5.9;
			};
			name = Release;
		};
		44AAA978FB3EDFDAF2F46E29 /* Debug */ = {
			isa = XCBuildConfiguration;
			buildSettings = {
				ALWAYS_SEARCH_USER_PATHS = NO;
				CLANG_ANALYZER_NONNULL = YES;
				CLANG_ANALYZER_NUMBER_OBJECT_CONVERSION = YES_AGGRESSIVE;
				CLANG_CXX_LANGUAGE_STANDARD = "gnu++14";
				CLANG_CXX_LIBRARY = "libc++";
				CLANG_ENABLE_MODULES = YES;
				CLANG_ENABLE_OBJC_ARC = YES;
				CLANG_ENABLE_OBJC_WEAK = YES;
				CLANG_WARN_BLOCK_CAPTURE_AUTORELEASING = YES;
				CLANG_WARN_BOOL_CONVERSION = YES;
				CLANG_WARN_COMMA = YES;
				CLANG_WARN_CONSTANT_CONVERSION = YES;
				CLANG_WARN_DEPRECATED_OBJC_IMPLEMENTATIONS = YES;
				CLANG_WARN_DIRECT_OBJC_ISA_USAGE = YES_ERROR;
				CLANG_WARN_DOCUMENTATION_COMMENTS = YES;
				CLANG_WARN_EMPTY_BODY = YES;
				CLANG_WARN_ENUM_CONVERSION = YES;
				CLANG_WARN_INFINITE_RECURSION = YES;
				CLANG_WARN_INT_CONVERSION = YES;
				CLANG_WARN_NON_LITERAL_NULL_CONVERSION = YES;
				CLANG_WARN_OBJC_IMPLICIT_RETAIN_SELF = YES;
				CLANG_WARN_OBJC_LITERAL_CONVERSION = YES;
				CLANG_WARN_OBJC_ROOT_CLASS = YES_ERROR;
				CLANG_WARN_QUOTED_INCLUDE_IN_FRAMEWORK_HEADER = YES;
				CLANG_WARN_RANGE_LOOP_ANALYSIS = YES;
				CLANG_WARN_STRICT_PROTOTYPES = YES;
				CLANG_WARN_SUSPICIOUS_MOVE = YES;
				CLANG_WARN_UNGUARDED_AVAILABILITY = YES_AGGRESSIVE;
				CLANG_WARN_UNREACHABLE_CODE = YES;
				CLANG_WARN__DUPLICATE_METHOD_MATCH = YES;
				COPY_PHASE_STRIP = NO;
				DEBUG_INFORMATION_FORMAT = dwarf;
				ENABLE_STRICT_OBJC_MSGSEND = YES;
				ENABLE_TESTABILITY = YES;
				GCC_C_LANGUAGE_STANDARD = gnu11;
				GCC_DYNAMIC_NO_PIC = NO;
				GCC_NO_COMMON_BLOCKS = YES;
				GCC_OPTIMIZATION_LEVEL = 0;
				GCC_PREPROCESSOR_DEFINITIONS = (
					"$(inherited)",
					"DEBUG=1",
				);
				GCC_WARN_64_TO_32_BIT_CONVERSION = YES;
				GCC_WARN_ABOUT_RETURN_TYPE = YES_ERROR;
				GCC_WARN_UNDECLARED_SELECTOR = YES;
				GCC_WARN_UNINITIALIZED_AUTOS = YES_AGGRESSIVE;
				GCC_WARN_UNUSED_FUNCTION = YES;
				GCC_WARN_UNUSED_VARIABLE = YES;
				MACOSX_DEPLOYMENT_TARGET = 12.0;
				MTL_ENABLE_DEBUG_INFO = INCLUDE_SOURCE;
				MTL_FAST_MATH = YES;
				ONLY_ACTIVE_ARCH = YES;
				PRODUCT_NAME = "$(TARGET_NAME)";
				SDKROOT = macosx;
				SWIFT_ACTIVE_COMPILATION_CONDITIONS = DEBUG;
				SWIFT_OPTIMIZATION_LEVEL = "-Onone";
				SWIFT_VERSION = 5.0;
			};
			name = Debug;
		};
		802AF2E5EF94FF22780753C5 /* Debug */ = {
			isa = XCBuildConfiguration;
			buildSettings = {
				ASSETCATALOG_COMPILER_APPICON_NAME = AppIcon;
				CODE_SIGN_ENTITLEMENTS = App/iShrink.entitlements;
				CODE_SIGN_STYLE = Automatic;
				COMBINE_HIDPI_IMAGES = YES;
				CURRENT_PROJECT_VERSION = 1;
				ENABLE_HARDENED_RUNTIME = YES;
				GENERATE_INFOPLIST_FILE = NO;
				INFOPLIST_FILE = App/Info.plist;
				LD_RUNPATH_SEARCH_PATHS = (
					"$(inherited)",
					"@executable_path/../Frameworks",
				);
				MACOSX_DEPLOYMENT_TARGET = 12.0;
				MARKETING_VERSION = 1.0.0;
				PRODUCT_BUNDLE_IDENTIFIER = com.ishrink.app;
				PRODUCT_NAME = iShrink;
				SDKROOT = macosx;
				SWIFT_VERSION = 5.9;
			};
			name = Debug;
		};
		86323CCD7B5A0EBA963187D0 /* Release */ = {
			isa = XCBuildConfiguration;
			buildSettings = {
				ALWAYS_SEARCH_USER_PATHS = NO;
				CLANG_ANALYZER_NONNULL = YES;
				CLANG_ANALYZER_NUMBER_OBJECT_CONVERSION = YES_AGGRESSIVE;
				CLANG_CXX_LANGUAGE_STANDARD = "gnu++14";
				CLANG_CXX_LIBRARY = "libc++";
				CLANG_ENABLE_MODULES = YES;
				CLANG_ENABLE_OBJC_ARC = YES;
				CLANG_ENABLE_OBJC_WEAK = YES;
				CLANG_WARN_BLOCK_CAPTURE_AUTORELEASING = YES;
				CLANG_WARN_BOOL_CONVERSION = YES;
				CLANG_WARN_COMMA = YES;
				CLANG_WARN_CONSTANT_CONVERSION = YES;
				CLANG_WARN_DEPRECATED_OBJC_IMPLEMENTATIONS = YES;
				CLANG_WARN_DIRECT_OBJC_ISA_USAGE = YES_ERROR;
				CLANG_WARN_DOCUMENTATION_COMMENTS = YES;
				CLANG_WARN_EMPTY_BODY = YES;
				CLANG_WARN_ENUM_CONVERSION = YES;
				CLANG_WARN_INFINITE_RECURSION = YES;
				CLANG_WARN_INT_CONVERSION = YES;
				CLANG_WARN_NON_LITERAL_NULL_CONVERSION = YES;
				CLANG_WARN_OBJC_IMPLICIT_RETAIN_SELF = YES;
				CLANG_WARN_OBJC_LITERAL_CONVERSION = YES;
				CLANG_WARN_OBJC_ROOT_CLASS = YES_ERROR;
				CLANG_WARN_QUOTED_INCLUDE_IN_FRAMEWORK_HEADER = YES;
				CLANG_WARN_RANGE_LOOP_ANALYSIS = YES;
				CLANG_WARN_STRICT_PROTOTYPES = YES;
				CLANG_WARN_SUSPICIOUS_MOVE = YES;
				CLANG_WARN_UNGUARDED_AVAILABILITY = YES_AGGRESSIVE;
				CLANG_WARN_UNREACHABLE_CODE = YES;
				CLANG_WARN__DUPLICATE_METHOD_MATCH = YES;
				COPY_PHASE_STRIP = NO;
				DEBUG_INFORMATION_FORMAT = "dwarf-with-dsym";
				ENABLE_NS_ASSERTIONS = NO;
				ENABLE_STRICT_OBJC_MSGSEND = YES;
				GCC_C_LANGUAGE_STANDARD = gnu11;
				GCC_NO_COMMON_BLOCKS = YES;
				GCC_WARN_64_TO_32_BIT_CONVERSION = YES;
				GCC_WARN_ABOUT_RETURN_TYPE = YES_ERROR;
				GCC_WARN_UNDECLARED_SELECTOR = YES;
				GCC_WARN_UNINITIALIZED_AUTOS = YES_AGGRESSIVE;
				GCC_WARN_UNUSED_FUNCTION = YES;
				GCC_WARN_UNUSED_VARIABLE = YES;
				MACOSX_DEPLOYMENT_TARGET = 12.0;
				MTL_ENABLE_DEBUG_INFO = NO;
				MTL_FAST_MATH = YES;
				PRODUCT_NAME = "$(TARGET_NAME)";
				SDKROOT = macosx;
				SWIFT_COMPILATION_MODE = wholemodule;
				SWIFT_OPTIMIZATION_LEVEL = "-O";
				SWIFT_VERSION = 5.0;
			};
			name = Release;
		};
/* End XCBuildConfiguration section */

/* Begin XCConfigurationList section */
		161A080529CFBEAA73E88281 /* Build configuration list for PBXProject "iShrink" */ = {
			isa = XCConfigurationList;
			buildConfigurations = (
				44AAA978FB3EDFDAF2F46E29 /* Debug */,
				86323CCD7B5A0EBA963187D0 /* Release */,
			);
			defaultConfigurationIsVisible = 0;
			defaultConfigurationName = Debug;
		};
		B9C0DB8D4483F0D0293078D4 /* Build configuration list for PBXNativeTarget "iShrink" */ = {
			isa = XCConfigurationList;
			buildConfigurations = (
				802AF2E5EF94FF22780753C5 /* Debug */,
				05998C0A08ABDEF670587F88 /* Release */,
			);
			defaultConfigurationIsVisible = 0;
			defaultConfigurationName = Debug;
		};
/* End XCConfigurationList section */

/* Begin XCLocalSwiftPackageReference section */
		826D7C3DE6669A6C8E414EBD /* XCLocalSwiftPackageReference "Core" */ = {
			isa = XCLocalSwiftPackageReference;
			relativePath = Core;
		};
/* End XCLocalSwiftPackageReference section */

/* Begin XCSwiftPackageProductDependency section */
		5FBA687B47568AA8507B9583 /* iShrinkCore */ = {
			isa = XCSwiftPackageProductDependency;
			productName = iShrinkCore;
		};
/* End XCSwiftPackageProductDependency section */
	};
	rootObject = 3E6FE70938FD6B8DE58012D6 /* Project object */;
}
